
Microsoft Visual Studio Solution File, Format Version 12.00
# Visual Studio Version 16
VisualStudioVersion = 16.0.29911.84
MinimumVisualStudioVersion = 10.0.40219.1
Project("{888888A0-9F3D-457C-B088-3A5042F75D52}") = "WebScraping", "WebScraping\WebScraping.pyproj", "{919EF5A5-F7D5-4DA2-883F-79F036C67C2D}"
EndProject
Global
	GlobalSection(SolutionConfigurationPlatforms) = preSolution
		Debug|Any CPU = Debug|Any CPU
		Release|Any CPU = Release|Any CPU
	EndGlobalSection
	GlobalSection(ProjectConfigurationPlatforms) = postSolution
		{919EF5A5-F7D5-4DA2-883F-79F036C67C2D}.Debug|Any CPU.ActiveCfg = Debug|Any CPU
		{919EF5A5-F7D5-4DA2-883F-79F036C67C2D}.Release|Any CPU.ActiveCfg = Release|Any CPU
	EndGlobalSection
	GlobalSection(SolutionProperties) = preSolution
		HideSolutionNode = FALSE
	EndGlobalSection
	GlobalSection(ExtensibilityGlobals) = postSolution
		SolutionGuid = {5DE8AF07-16B1-488D-83AA-C478FB2A2BDC}
	EndGlobalSection
EndGlobal
